// !$*UTF8*$!
{
	archiveVersion = 1;
	classes = {
	};
	objectVersion = 51;
	objects = {

/* Begin PBXBuildFile section */
		3B261163260AC178006A98D3 /* AppDelegate.swift in Sources */ = {isa = PBXBuildFile; fileRef = 3B261162260AC178006A98D3 /* AppDelegate.swift */; };
		3B261165260AC178006A98D3 /* SceneDelegate.swift in Sources */ = {isa = PBXBuildFile; fileRef = 3B261164260AC178006A98D3 /* SceneDelegate.swift */; };
		3B261167260AC178006A98D3 /* ViewController.swift in Sources */ = {isa = PBXBuildFile; fileRef = 3B261166260AC178006A98D3 /* ViewController.swift */; };
		3B26116A260AC178006A98D3 /* Main.storyboard in Resources */ = {isa = PBXBuildFile; fileRef = 3B261168260AC178006A98D3 /* Main.storyboard */; };
		3B26116C260AC178006A98D3 /* Assets.xcassets in Resources */ = {isa = PBXBuildFile; fileRef = 3B26116B260AC178006A98D3 /* Assets.xcassets */; };
		3B26116F260AC178006A98D3 /* LaunchScreen.storyboard in Resources */ = {isa = PBXBuildFile; fileRef = 3B26116D260AC178006A98D3 /* LaunchScreen.storyboard */; };
		3B26117A260AC178006A98D3 /* MyDietDiaryAppTests.swift in Sources */ = {isa = PBXBuildFile; fileRef = 3B261179260AC178006A98D3 /* MyDietDiaryAppTests.swift */; };
		3B261185260AC178006A98D3 /* MyDietDiaryAppUITests.swift in Sources */ = {isa = PBXBuildFile; fileRef = 3B261184260AC178006A98D3 /* MyDietDiaryAppUITests.swift */; };
		3B261196260AC1B5006A98D3 /* MainTabBarController.swift in Sources */ = {isa = PBXBuildFile; fileRef = 3B261195260AC1B5006A98D3 /* MainTabBarController.swift */; };
		3B26119B260AC223006A98D3 /* CalendarViewController.swift in Sources */ = {isa = PBXBuildFile; fileRef = 3B26119A260AC223006A98D3 /* CalendarViewController.swift */; };
		3B2611A0260AC232006A98D3 /* GraphViewController.swift in Sources */ = {isa = PBXBuildFile; fileRef = 3B26119F260AC232006A98D3 /* GraphViewController.swift */; };
		3B7FA810260B013B0030B3B3 /* EditorViewController.storyboard in Resources */ = {isa = PBXBuildFile; fileRef = 3B7FA80F260B013B0030B3B3 /* EditorViewController.storyboard */; };
		3B7FA815260B01710030B3B3 /* EditorViewController.swift in Sources */ = {isa = PBXBuildFile; fileRef = 3B7FA814260B01710030B3B3 /* EditorViewController.swift */; };
		3B7FA823260B11E40030B3B3 /* WeightRecord.swift in Sources */ = {isa = PBXBuildFile; fileRef = 3B7FA822260B11E40030B3B3 /* WeightRecord.swift */; };
		6AD5A9686DE8CF5F42B7E748 /* Pods_MyDietDiaryApp_MyDietDiaryAppUITests.framework in Frameworks */ = {isa = PBXBuildFile; fileRef = 3846C315363DEF71E90C8833 /* Pods_MyDietDiaryApp_MyDietDiaryAppUITests.framework */; };
		DC50AD49FFCCD9A70F3F5A1D /* Pods_MyDietDiaryAppTests.framework in Frameworks */ = {isa = PBXBuildFile; fileRef = 1F2C54CE80FF4DF360E5BEE8 /* Pods_MyDietDiaryAppTests.framework */; };
		F0A6DAB03423C2A637A2F79C /* Pods_MyDietDiaryApp.framework in Frameworks */ = {isa = PBXBuildFile; fileRef = E2AF9866F38163D41BEBB0C3 /* Pods_MyDietDiaryApp.framework */; };
/* End PBXBuildFile section */

/* Begin PBXContainerItemProxy section */
		3B261176260AC178006A98D3 /* PBXContainerItemProxy */ = {
			isa = PBXContainerItemProxy;
			containerPortal = 3B261157260AC178006A98D3 /* Project object */;
			proxyType = 1;
			remoteGlobalIDString = 3B26115E260AC178006A98D3;
			remoteInfo = MyDietDiaryApp;
		};
		3B261181260AC178006A98D3 /* PBXContainerItemProxy */ = {
			isa = PBXContainerItemProxy;
			containerPortal = 3B261157260AC178006A98D3 /* Project object */;
			proxyType = 1;
			remoteGlobalIDString = 3B26115E260AC178006A98D3;
			remoteInfo = MyDietDiaryApp;
		};
/* End PBXContainerItemProxy section */

/* Begin PBXFileReference section */
		1F2C54CE80FF4DF360E5BEE8 /* Pods_MyDietDiaryAppTests.framework */ = {isa = PBXFileReference; explicitFileType = wrapper.framework; includeInIndex = 0; path = Pods_MyDietDiaryAppTests.framework; sourceTree = BUILT_PRODUCTS_DIR; };
		2AFCCF6307BF97816A4EA3E8 /* Pods-MyDietDiaryApp-MyDietDiaryAppUITests.debug.xcconfig */ = {isa = PBXFileReference; includeInIndex = 1; lastKnownFileType = text.xcconfig; name = "Pods-MyDietDiaryApp-MyDietDiaryAppUITests.debug.xcconfig"; path = "Target Support Files/Pods-MyDietDiaryApp-MyDietDiaryAppUITests/Pods-MyDietDiaryApp-MyDietDiaryAppUITests.debug.xcconfig"; sourceTree = "<group>"; };
		36E50D8EEEECCEB84132F9D2 /* Pods-MyDietDiaryApp.release.xcconfig */ = {isa = PBXFileReference; includeInIndex = 1; lastKnownFileType = text.xcconfig; name = "Pods-MyDietDiaryApp.release.xcconfig"; path = "Target Support Files/Pods-MyDietDiaryApp/Pods-MyDietDiaryApp.release.xcconfig"; sourceTree = "<group>"; };
		3846C315363DEF71E90C8833 /* Pods_MyDietDiaryApp_MyDietDiaryAppUITests.framework */ = {isa = PBXFileReference; explicitFileType = wrapper.framework; includeInIndex = 0; path = Pods_MyDietDiaryApp_MyDietDiaryAppUITests.framework; sourceTree = BUILT_PRODUCTS_DIR; };
		3B26115F260AC178006A98D3 /* MyDietDiaryApp.app */ = {isa = PBXFileReference; explicitFileType = wrapper.application; includeInIndex = 0; path = MyDietDiaryApp.app; sourceTree = BUILT_PRODUCTS_DIR; };
		3B261162260AC178006A98D3 /* AppDelegate.swift */ = {isa = PBXFileReference; lastKnownFileType = sourcecode.swift; path = AppDelegate.swift; sourceTree = "<group>"; };
		3B261164260AC178006A98D3 /* SceneDelegate.swift */ = {isa = PBXFileReference; lastKnownFileType = sourcecode.swift; path = SceneDelegate.swift; sourceTree = "<group>"; };
		3B261166260AC178006A98D3 /* ViewController.swift */ = {isa = PBXFileReference; lastKnownFileType = sourcecode.swift; path = ViewController.swift; sourceTree = "<group>"; };
		3B261169260AC178006A98D3 /* Base */ = {isa = PBXFileReference; lastKnownFileType = file.storyboard; name = Base; path = Base.lproj/Main.storyboard; sourceTree = "<group>"; };
		3B26116B260AC178006A98D3 /* Assets.xcassets */ = {isa = PBXFileReference; lastKnownFileType = folder.assetcatalog; path = Assets.xcassets; sourceTree = "<group>"; };
		3B26116E260AC178006A98D3 /* Base */ = {isa = PBXFileReference; lastKnownFileType = file.storyboard; name = Base; path = Base.lproj/LaunchScreen.storyboard; sourceTree = "<group>"; };
		3B261170260AC178006A98D3 /* Info.plist */ = {isa = PBXFileReference; lastKnownFileType = text.plist.xml; path = Info.plist; sourceTree = "<group>"; };
		3B261175260AC178006A98D3 /* MyDietDiaryAppTests.xctest */ = {isa = PBXFileReference; explicitFileType = wrapper.cfbundle; includeInIndex = 0; path = MyDietDiaryAppTests.xctest; sourceTree = BUILT_PRODUCTS_DIR; };
		3B261179260AC178006A98D3 /* MyDietDiaryAppTests.swift */ = {isa = PBXFileReference; lastKnownFileType = sourcecode.swift; path = MyDietDiaryAppTests.swift; sourceTree = "<group>"; };
		3B26117B260AC178006A98D3 /* Info.plist */ = {isa = PBXFileReference; lastKnownFileType = text.plist.xml; path = Info.plist; sourceTree = "<group>"; };
		3B261180260AC178006A98D3 /* MyDietDiaryAppUITests.xctest */ = {isa = PBXFileReference; explicitFileType = wrapper.cfbundle; includeInIndex = 0; path = MyDietDiaryAppUITests.xctest; sourceTree = BUILT_PRODUCTS_DIR; };
		3B261184260AC178006A98D3 /* MyDietDiaryAppUITests.swift */ = {isa = PBXFileReference; lastKnownFileType = sourcecode.swift; path = MyDietDiaryAppUITests.swift; sourceTree = "<group>"; };
		3B261186260AC178006A98D3 /* Info.plist */ = {isa = PBXFileReference; lastKnownFileType = text.plist.xml; path = Info.plist; sourceTree = "<group>"; };
		3B261195260AC1B5006A98D3 /* MainTabBarController.swift */ = {isa = PBXFileReference; lastKnownFileType = sourcecode.swift; path = MainTabBarController.swift; sourceTree = "<group>"; };
		3B26119A260AC223006A98D3 /* CalendarViewController.swift */ = {isa = PBXFileReference; lastKnownFileType = sourcecode.swift; path = CalendarViewController.swift; sourceTree = "<group>"; };
		3B26119F260AC232006A98D3 /* GraphViewController.swift */ = {isa = PBXFileReference; lastKnownFileType = sourcecode.swift; path = GraphViewController.swift; sourceTree = "<group>"; };
		3B7FA80F260B013B0030B3B3 /* EditorViewController.storyboard */ = {isa = PBXFileReference; lastKnownFileType = file.storyboard; path = EditorViewController.storyboard; sourceTree = "<group>"; };
		3B7FA814260B01710030B3B3 /* EditorViewController.swift */ = {isa = PBXFileReference; lastKnownFileType = sourcecode.swift; path = EditorViewController.swift; sourceTree = "<group>"; };
		3B7FA822260B11E40030B3B3 /* WeightRecord.swift */ = {isa = PBXFileReference; lastKnownFileType = sourcecode.swift; path = WeightRecord.swift; sourceTree = "<group>"; };
		51094A27440709632D8BEBD5 /* Pods-MyDietDiaryAppTests.release.xcconfig */ = {isa = PBXFileReference; includeInIndex = 1; lastKnownFileType = text.xcconfig; name = "Pods-MyDietDiaryAppTests.release.xcconfig"; path = "Target Support Files/Pods-MyDietDiaryAppTests/Pods-MyDietDiaryAppTests.release.xcconfig"; sourceTree = "<group>"; };
		C34845BB34807D46D6E09448 /* Pods-MyDietDiaryAppTests.debug.xcconfig */ = {isa = PBXFileReference; includeInIndex = 1; lastKnownFileType = text.xcconfig; name = "Pods-MyDietDiaryAppTests.debug.xcconfig"; path = "Target Support Files/Pods-MyDietDiaryAppTests/Pods-MyDietDiaryAppTests.debug.xcconfig"; sourceTree = "<group>"; };
		D7119EE1B1ABFC76C719FF39 /* Pods-MyDietDiaryApp.debug.xcconfig */ = {isa = PBXFileReference; includeInIndex = 1; lastKnownFileType = text.xcconfig; name = "Pods-MyDietDiaryApp.debug.xcconfig"; path = "Target Support Files/Pods-MyDietDiaryApp/Pods-MyDietDiaryApp.debug.xcconfig"; sourceTree = "<group>"; };
		E2AF9866F38163D41BEBB0C3 /* Pods_MyDietDiaryApp.framework */ = {isa = PBXFileReference; explicitFileType = wrapper.framework; includeInIndex = 0; path = Pods_MyDietDiaryApp.framework; sourceTree = BUILT_PRODUCTS_DIR; };
		F80CD8A9D4D470CB723964E4 /* Pods-MyDietDiaryApp-MyDietDiaryAppUITests.release.xcconfig */ = {isa = PBXFileReference; includeInIndex = 1; lastKnownFileType = text.xcconfig; name = "Pods-MyDietDiaryApp-MyDietDiaryAppUITests.release.xcconfig"; path = "Target Support Files/Pods-MyDietDiaryApp-MyDietDiaryAppUITests/Pods-MyDietDiaryApp-MyDietDiaryAppUITests.release.xcconfig"; sourceTree = "<group>"; };
/* End PBXFileReference section */

/* Begin PBXFrameworksBuildPhase section */
		3B26115C260AC178006A98D3 /* Frameworks */ = {
			isa = PBXFrameworksBuildPhase;
			buildActionMask = 2147483647;
			files = (
				F0A6DAB03423C2A637A2F79C /* Pods_MyDietDiaryApp.framework in Frameworks */,
			);
			runOnlyForDeploymentPostprocessing = 0;
		};
		3B261172260AC178006A98D3 /* Frameworks */ = {
			isa = PBXFrameworksBuildPhase;
			buildActionMask = 2147483647;
			files = (
				DC50AD49FFCCD9A70F3F5A1D /* Pods_MyDietDiaryAppTests.framework in Frameworks */,
			);
			runOnlyForDeploymentPostprocessing = 0;
		};
		3B26117D260AC178006A98D3 /* Frameworks */ = {
			isa = PBXFrameworksBuildPhase;
			buildActionMask = 2147483647;
			files = (
				6AD5A9686DE8CF5F42B7E748 /* Pods_MyDietDiaryApp_MyDietDiaryAppUITests.framework in Frameworks */,
			);
			runOnlyForDeploymentPostprocessing = 0;
		};
/* End PBXFrameworksBuildPhase section */

/* Begin PBXGroup section */
		0666089B71CB8755FB165DE1 /* Pods */ = {
			isa = PBXGroup;
			children = (
				D7119EE1B1ABFC76C719FF39 /* Pods-MyDietDiaryApp.debug.xcconfig */,
				36E50D8EEEECCEB84132F9D2 /* Pods-MyDietDiaryApp.release.xcconfig */,
				2AFCCF6307BF97816A4EA3E8 /* Pods-MyDietDiaryApp-MyDietDiaryAppUITests.debug.xcconfig */,
				F80CD8A9D4D470CB723964E4 /* Pods-MyDietDiaryApp-MyDietDiaryAppUITests.release.xcconfig */,
				C34845BB34807D46D6E09448 /* Pods-MyDietDiaryAppTests.debug.xcconfig */,
				51094A27440709632D8BEBD5 /* Pods-MyDietDiaryAppTests.release.xcconfig */,
			);
			path = Pods;
			sourceTree = "<group>";
		};
		24C2212E48192F736DC74ADA /* Frameworks */ = {
			isa = PBXGroup;
			children = (
				E2AF9866F38163D41BEBB0C3 /* Pods_MyDietDiaryApp.framework */,
				3846C315363DEF71E90C8833 /* Pods_MyDietDiaryApp_MyDietDiaryAppUITests.framework */,
				1F2C54CE80FF4DF360E5BEE8 /* Pods_MyDietDiaryAppTests.framework */,
			);
			name = Frameworks;
			sourceTree = "<group>";
		};
		3B261156260AC178006A98D3 = {
			isa = PBXGroup;
			children = (
				3B261161260AC178006A98D3 /* MyDietDiaryApp */,
				3B261178260AC178006A98D3 /* MyDietDiaryAppTests */,
				3B261183260AC178006A98D3 /* MyDietDiaryAppUITests */,
				3B261160260AC178006A98D3 /* Products */,
				0666089B71CB8755FB165DE1 /* Pods */,
				24C2212E48192F736DC74ADA /* Frameworks */,
			);
			sourceTree = "<group>";
		};
		3B261160260AC178006A98D3 /* Products */ = {
			isa = PBXGroup;
			children = (
				3B26115F260AC178006A98D3 /* MyDietDiaryApp.app */,
				3B261175260AC178006A98D3 /* MyDietDiaryAppTests.xctest */,
				3B261180260AC178006A98D3 /* MyDietDiaryAppUITests.xctest */,
			);
			name = Products;
			sourceTree = "<group>";
		};
		3B261161260AC178006A98D3 /* MyDietDiaryApp */ = {
			isa = PBXGroup;
			children = (
				3B261162260AC178006A98D3 /* AppDelegate.swift */,
				3B261164260AC178006A98D3 /* SceneDelegate.swift */,
				3B261166260AC178006A98D3 /* ViewController.swift */,
				3B261168260AC178006A98D3 /* Main.storyboard */,
				3B26116B260AC178006A98D3 /* Assets.xcassets */,
				3B26116D260AC178006A98D3 /* LaunchScreen.storyboard */,
				3B261170260AC178006A98D3 /* Info.plist */,
				3B261195260AC1B5006A98D3 /* MainTabBarController.swift */,
				3B26119A260AC223006A98D3 /* CalendarViewController.swift */,
				3B26119F260AC232006A98D3 /* GraphViewController.swift */,
				3B7FA80F260B013B0030B3B3 /* EditorViewController.storyboard */,
				3B7FA814260B01710030B3B3 /* EditorViewController.swift */,
				3B7FA822260B11E40030B3B3 /* WeightRecord.swift */,
			);
			path = MyDietDiaryApp;
			sourceTree = "<group>";
		};
		3B261178260AC178006A98D3 /* MyDietDiaryAppTests */ = {
			isa = PBXGroup;
			children = (
				3B261179260AC178006A98D3 /* MyDietDiaryAppTests.swift */,
				3B26117B260AC178006A98D3 /* Info.plist */,
			);
			path = MyDietDiaryAppTests;
			sourceTree = "<group>";
		};
		3B261183260AC178006A98D3 /* MyDietDiaryAppUITests */ = {
			isa = PBXGroup;
			children = (
				3B261184260AC178006A98D3 /* MyDietDiaryAppUITests.swift */,
				3B261186260AC178006A98D3 /* Info.plist */,
			);
			path = MyDietDiaryAppUITests;
			sourceTree = "<group>";
		};
/* End PBXGroup section */

/* Begin PBXNativeTarget section */
		3B26115E260AC178006A98D3 /* MyDietDiaryApp */ = {
			isa = PBXNativeTarget;
			buildConfigurationList = 3B261189260AC178006A98D3 /* Build configuration list for PBXNativeTarget "MyDietDiaryApp" */;
			buildPhases = (
				BCCDC7F1AC22D2450435DF6D /* [CP] Check Pods Manifest.lock */,
				3B26115B260AC178006A98D3 /* Sources */,
				3B26115C260AC178006A98D3 /* Frameworks */,
				3B26115D260AC178006A98D3 /* Resources */,
				8245A8DFCCA5F85BB5E9F688 /* [CP] Embed Pods Frameworks */,
			);
			buildRules = (
			);
			dependencies = (
			);
			name = MyDietDiaryApp;
			productName = MyDietDiaryApp;
			productReference = 3B26115F260AC178006A98D3 /* MyDietDiaryApp.app */;
			productType = "com.apple.product-type.application";
		};
		3B261174260AC178006A98D3 /* MyDietDiaryAppTests */ = {
			isa = PBXNativeTarget;
			buildConfigurationList = 3B26118C260AC178006A98D3 /* Build configuration list for PBXNativeTarget "MyDietDiaryAppTests" */;
			buildPhases = (
				A77F5FAE12238FAB16F6FACA /* [CP] Check Pods Manifest.lock */,
				3B261171260AC178006A98D3 /* Sources */,
				3B261172260AC178006A98D3 /* Frameworks */,
				3B261173260AC178006A98D3 /* Resources */,
			);
			buildRules = (
			);
			dependencies = (
				3B261177260AC178006A98D3 /* PBXTargetDependency */,
			);
			name = MyDietDiaryAppTests;
			productName = MyDietDiaryAppTests;
			productReference = 3B261175260AC178006A98D3 /* MyDietDiaryAppTests.xctest */;
			productType = "com.apple.product-type.bundle.unit-test";
		};
		3B26117F260AC178006A98D3 /* MyDietDiaryAppUITests */ = {
			isa = PBXNativeTarget;
			buildConfigurationList = 3B26118F260AC178006A98D3 /* Build configuration list for PBXNativeTarget "MyDietDiaryAppUITests" */;
			buildPhases = (
				E2C98A59F7B064B4C90250B6 /* [CP] Check Pods Manifest.lock */,
				3B26117C260AC178006A98D3 /* Sources */,
				3B26117D260AC178006A98D3 /* Frameworks */,
				3B26117E260AC178006A98D3 /* Resources */,
				C4B62B4E2193767F4FD15B15 /* [CP] Embed Pods Frameworks */,
			);
			buildRules = (
			);
			dependencies = (
				3B261182260AC178006A98D3 /* PBXTargetDependency */,
			);
			name = MyDietDiaryAppUITests;
			productName = MyDietDiaryAppUITests;
			productReference = 3B261180260AC178006A98D3 /* MyDietDiaryAppUITests.xctest */;
			productType = "com.apple.product-type.bundle.ui-testing";
		};
/* End PBXNativeTarget section */

/* Begin PBXProject section */
		3B261157260AC178006A98D3 /* Project object */ = {
			isa = PBXProject;
			attributes = {
				LastSwiftUpdateCheck = 1240;
				LastUpgradeCheck = 1240;
				TargetAttributes = {
					3B26115E260AC178006A98D3 = {
						CreatedOnToolsVersion = 12.4;
					};
					3B261174260AC178006A98D3 = {
						CreatedOnToolsVersion = 12.4;
						TestTargetID = 3B26115E260AC178006A98D3;
					};
					3B26117F260AC178006A98D3 = {
						CreatedOnToolsVersion = 12.4;
						TestTargetID = 3B26115E260AC178006A98D3;
					};
				};
			};
			buildConfigurationList = 3B26115A260AC178006A98D3 /* Build configuration list for PBXProject "MyDietDiaryApp" */;
			compatibilityVersion = "Xcode 9.3";
			developmentRegion = en;
			hasScannedForEncodings = 0;
			knownRegions = (
				en,
				Base,
			);
			mainGroup = 3B261156260AC178006A98D3;
			productRefGroup = 3B261160260AC178006A98D3 /* Products */;
			projectDirPath = "";
			projectRoot = "";
			targets = (
				3B26115E260AC178006A98D3 /* MyDietDiaryApp */,
				3B261174260AC178006A98D3 /* MyDietDiaryAppTests */,
				3B26117F260AC178006A98D3 /* MyDietDiaryAppUITests */,
			);
		};
/* End PBXProject section */

/* Begin PBXResourcesBuildPhase section */
		3B26115D260AC178006A98D3 /* Resources */ = {
			isa = PBXResourcesBuildPhase;
			buildActionMask = 2147483647;
			files = (
				3B7FA810260B013B0030B3B3 /* EditorViewController.storyboard in Resources */,
				3B26116F260AC178006A98D3 /* LaunchScreen.storyboard in Resources */,
				3B26116C260AC178006A98D3 /* Assets.xcassets in Resources */,
				3B26116A260AC178006A98D3 /* Main.storyboard in Resources */,
			);
			runOnlyForDeploymentPostprocessing = 0;
		};
		3B261173260AC178006A98D3 /* Resources */ = {
			isa = PBXResourcesBuildPhase;
			buildActionMask = 2147483647;
			files = (
			);
			runOnlyForDeploymentPostprocessing = 0;
		};
		3B26117E260AC178006A98D3 /* Resources */ = {
			isa = PBXResourcesBuildPhase;
			buildActionMask = 2147483647;
			files = (
			);
			runOnlyForDeploymentPostprocessing = 0;
		};
/* End PBXResourcesBuildPhase section */

/* Begin PBXShellScriptBuildPhase section */
		8245A8DFCCA5F85BB5E9F688 /* [CP] Embed Pods Frameworks */ = {
			isa = PBXShellScriptBuildPhase;
			buildActionMask = 2147483647;
			files = (
			);
			inputFileListPaths = (
				"${PODS_ROOT}/Target Support Files/Pods-MyDietDiaryApp/Pods-MyDietDiaryApp-frameworks-${CONFIGURATION}-input-files.xcfilelist",
			);
			name = "[CP] Embed Pods Frameworks";
			outputFileListPaths = (
				"${PODS_ROOT}/Target Support Files/Pods-MyDietDiaryApp/Pods-MyDietDiaryApp-frameworks-${CONFIGURATION}-output-files.xcfilelist",
			);
			runOnlyForDeploymentPostprocessing = 0;
			shellPath = /bin/sh;
			shellScript = "\"${PODS_ROOT}/Target Support Files/Pods-MyDietDiaryApp/Pods-MyDietDiaryApp-frameworks.sh\"\n";
			showEnvVarsInLog = 0;
		};
		A77F5FAE12238FAB16F6FACA /* [CP] Check Pods Manifest.lock */ = {
			isa = PBXShellScriptBuildPhase;
			buildActionMask = 2147483647;
			files = (
			);
			inputFileListPaths = (
			);
			inputPaths = (
				"${PODS_PODFILE_DIR_PATH}/Podfile.lock",
				"${PODS_ROOT}/Manifest.lock",
			);
			name = "[CP] Check Pods Manifest.lock";
			outputFileListPaths = (
			);
			outputPaths = (
				"$(DERIVED_FILE_DIR)/Pods-MyDietDiaryAppTests-checkManifestLockResult.txt",
			);
			runOnlyForDeploymentPostprocessing = 0;
			shellPath = /bin/sh;
			shellScript = "diff \"${PODS_PODFILE_DIR_PATH}/Podfile.lock\" \"${PODS_ROOT}/Manifest.lock\" > /dev/null\nif [ $? != 0 ] ; then\n    # print error to STDERR\n    echo \"error: The sandbox is not in sync with the Podfile.lock. Run 'pod install' or update your CocoaPods installation.\" >&2\n    exit 1\nfi\n# This output is used by Xcode 'outputs' to avoid re-running this script phase.\necho \"SUCCESS\" > \"${SCRIPT_OUTPUT_FILE_0}\"\n";
			showEnvVarsInLog = 0;
		};
		BCCDC7F1AC22D2450435DF6D /* [CP] Check Pods Manifest.lock */ = {
			isa = PBXShellScriptBuildPhase;
			buildActionMask = 2147483647;
			files = (
			);
			inputFileListPaths = (
			);
			inputPaths = (
				"${PODS_PODFILE_DIR_PATH}/Podfile.lock",
				"${PODS_ROOT}/Manifest.lock",
			);
			name = "[CP] Check Pods Manifest.lock";
			outputFileListPaths = (
			);
			outputPaths = (
				"$(DERIVED_FILE_DIR)/Pods-MyDietDiaryApp-checkManifestLockResult.txt",
			);
			runOnlyForDeploymentPostprocessing = 0;
			shellPath = /bin/sh;
			shellScript = "diff \"${PODS_PODFILE_DIR_PATH}/Podfile.lock\" \"${PODS_ROOT}/Manifest.lock\" > /dev/null\nif [ $? != 0 ] ; then\n    # print error to STDERR\n    echo \"error: The sandbox is not in sync with the Podfile.lock. Run 'pod install' or update your CocoaPods installation.\" >&2\n    exit 1\nfi\n# This output is used by Xcode 'outputs' to avoid re-running this script phase.\necho \"SUCCESS\" > \"${SCRIPT_OUTPUT_FILE_0}\"\n";
			showEnvVarsInLog = 0;
		};
		C4B62B4E2193767F4FD15B15 /* [CP] Embed Pods Frameworks */ = {
			isa = PBXShellScriptBuildPhase;
			buildActionMask = 2147483647;
			files = (
			);
			inputFileListPaths = (
				"${PODS_ROOT}/Target Support Files/Pods-MyDietDiaryApp-MyDietDiaryAppUITests/Pods-MyDietDiaryApp-MyDietDiaryAppUITests-frameworks-${CONFIGURATION}-input-files.xcfilelist",
			);
			name = "[CP] Embed Pods Frameworks";
			outputFileListPaths = (
				"${PODS_ROOT}/Target Support Files/Pods-MyDietDiaryApp-MyDietDiaryAppUITests/Pods-MyDietDiaryApp-MyDietDiaryAppUITests-frameworks-${CONFIGURATION}-output-files.xcfilelist",
			);
			runOnlyForDeploymentPostprocessing = 0;
			shellPath = /bin/sh;
			shellScript = "\"${PODS_ROOT}/Target Support Files/Pods-MyDietDiaryApp-MyDietDiaryAppUITests/Pods-MyDietDiaryApp-MyDietDiaryAppUITests-frameworks.sh\"\n";
			showEnvVarsInLog = 0;
		};
		E2C98A59F7B064B4C90250B6 /* [CP] Check Pods Manifest.lock */ = {
			isa = PBXShellScriptBuildPhase;
			buildActionMask = 2147483647;
			files = (
			);
			inputFileListPaths = (
			);
			inputPaths = (
				"${PODS_PODFILE_DIR_PATH}/Podfile.lock",
				"${PODS_ROOT}/Manifest.lock",
			);
			name = "[CP] Check Pods Manifest.lock";
			outputFileListPaths = (
			);
			outputPaths = (
				"$(DERIVED_FILE_DIR)/Pods-MyDietDiaryApp-MyDietDiaryAppUITests-checkManifestLockResult.txt",
			);
			runOnlyForDeploymentPostprocessing = 0;
			shellPath = /bin/sh;
			shellScript = "diff \"${PODS_PODFILE_DIR_PATH}/Podfile.lock\" \"${PODS_ROOT}/Manifest.lock\" > /dev/null\nif [ $? != 0 ] ; then\n    # print error to STDERR\n    echo \"error: The sandbox is not in sync with the Podfile.lock. Run 'pod install' or update your CocoaPods installation.\" >&2\n    exit 1\nfi\n# This output is used by Xcode 'outputs' to avoid re-running this script phase.\necho \"SUCCESS\" > \"${SCRIPT_OUTPUT_FILE_0}\"\n";
			showEnvVarsInLog = 0;
		};
/* End PBXShellScriptBuildPhase section */

/* Begin PBXSourcesBuildPhase section */
		3B26115B260AC178006A98D3 /* Sources */ = {
			isa = PBXSourcesBuildPhase;
			buildActionMask = 2147483647;
			files = (
				3B26119B260AC223006A98D3 /* CalendarViewController.swift in Sources */,
				3B261167260AC178006A98D3 /* ViewController.swift in Sources */,
				3B261163260AC178006A98D3 /* AppDelegate.swift in Sources */,
				3B2611A0260AC232006A98D3 /* GraphViewController.swift in Sources */,
				3B7FA823260B11E40030B3B3 /* WeightRecord.swift in Sources */,
				3B261196260AC1B5006A98D3 /* MainTabBarController.swift in Sources */,
				3B261165260AC178006A98D3 /* SceneDelegate.swift in Sources */,
				3B7FA815260B01710030B3B3 /* EditorViewController.swift in Sources */,
			);
			runOnlyForDeploymentPostprocessing = 0;
		};
		3B261171260AC178006A98D3 /* Sources */ = {
			isa = PBXSourcesBuildPhase;
			buildActionMask = 2147483647;
			files = (
				3B26117A260AC178006A98D3 /* MyDietDiaryAppTests.swift in Sources */,
			);
			runOnlyForDeploymentPostprocessing = 0;
		};
		3B26117C260AC178006A98D3 /* Sources */ = {
			isa = PBXSourcesBuildPhase;
			buildActionMask = 2147483647;
			files = (
				3B261185260AC178006A98D3 /* MyDietDiaryAppUITests.swift in Sources */,
			);
			runOnlyForDeploymentPostprocessing = 0;
		};
/* End PBXSourcesBuildPhase section */

/* Begin PBXTargetDependency section */
		3B261177260AC178006A98D3 /* PBXTargetDependency */ = {
			isa = PBXTargetDependency;
			target = 3B26115E260AC178006A98D3 /* MyDietDiaryApp */;
			targetProxy = 3B261176260AC178006A98D3 /* PBXContainerItemProxy */;
		};
		3B261182260AC178006A98D3 /* PBXTargetDependency */ = {
			isa = PBXTargetDependency;
			target = 3B26115E260AC178006A98D3 /* MyDietDiaryApp */;
			targetProxy = 3B261181260AC178006A98D3 /* PBXContainerItemProxy */;
		};
/* End PBXTargetDependency section */

/* Begin PBXVariantGroup section */
		3B261168260AC178006A98D3 /* Main.storyboard */ = {
			isa = PBXVariantGroup;
			children = (
				3B261169260AC178006A98D3 /* Base */,
			);
			name = Main.storyboard;
			sourceTree = "<group>";
		};
		3B26116D260AC178006A98D3 /* LaunchScreen.storyboard */ = {
			isa = PBXVariantGroup;
			children = (
				3B26116E260AC178006A98D3 /* Base */,
			);
			name = LaunchScreen.storyboard;
			sourceTree = "<group>";
		};
/* End PBXVariantGroup section */

/* Begin XCBuildConfiguration section */
		3B261187260AC178006A98D3 /* Debug */ = {
			isa = XCBuildConfiguration;
			buildSettings = {
				ALWAYS_SEARCH_USER_PATHS = NO;
				CLANG_ANALYZER_NONNULL = YES;
				CLANG_ANALYZER_NUMBER_OBJECT_CONVERSION = YES_AGGRESSIVE;
				CLANG_CXX_LANGUAGE_STANDARD = "gnu++14";
				CLANG_CXX_LIBRARY = "libc++";
				CLANG_ENABLE_MODULES = YES;
				CLANG_ENABLE_OBJC_ARC = YES;
				CLANG_ENABLE_OBJC_WEAK = YES;
				CLANG_WARN_BLOCK_CAPTURE_AUTORELEASING = YES;
				CLANG_WARN_BOOL_CONVERSION = YES;
				CLANG_WARN_COMMA = YES;
				CLANG_WARN_CONSTANT_CONVERSION = YES;
				CLANG_WARN_DEPRECATED_OBJC_IMPLEMENTATIONS = YES;
				CLANG_WARN_DIRECT_OBJC_ISA_USAGE = YES_ERROR;
				CLANG_WARN_DOCUMENTATION_COMMENTS = YES;
				CLANG_WARN_EMPTY_BODY = YES;
				CLANG_WARN_ENUM_CONVERSION = YES;
				CLANG_WARN_INFINITE_RECURSION = YES;
				CLANG_WARN_INT_CONVERSION = YES;
				CLANG_WARN_NON_LITERAL_NULL_CONVERSION = YES;
				CLANG_WARN_OBJC_IMPLICIT_RETAIN_SELF = YES;
				CLANG_WARN_OBJC_LITERAL_CONVERSION = YES;
				CLANG_WARN_OBJC_ROOT_CLASS = YES_ERROR;
				CLANG_WARN_QUOTED_INCLUDE_IN_FRAMEWORK_HEADER = YES;
				CLANG_WARN_RANGE_LOOP_ANALYSIS = YES;
				CLANG_WARN_STRICT_PROTOTYPES = YES;
				CLANG_WARN_SUSPICIOUS_MOVE = YES;
				CLANG_WARN_UNGUARDED_AVAILABILITY = YES_AGGRESSIVE;
				CLANG_WARN_UNREACHABLE_CODE = YES;
				CLANG_WARN__DUPLICATE_METHOD_MATCH = YES;
				COPY_PHASE_STRIP = NO;
				DEBUG_INFORMATION_FORMAT = dwarf;
				ENABLE_STRICT_OBJC_MSGSEND = YES;
				ENABLE_TESTABILITY = YES;
				GCC_C_LANGUAGE_STANDARD = gnu11;
				GCC_DYNAMIC_NO_PIC = NO;
				GCC_NO_COMMON_BLOCKS = YES;
				GCC_OPTIMIZATION_LEVEL = 0;
				GCC_PREPROCESSOR_DEFINITIONS = (
					"DEBUG=1",
					"$(inherited)",
				);
				GCC_WARN_64_TO_32_BIT_CONVERSION = YES;
				GCC_WARN_ABOUT_RETURN_TYPE = YES_ERROR;
				GCC_WARN_UNDECLARED_SELECTOR = YES;
				GCC_WARN_UNINITIALIZED_AUTOS = YES_AGGRESSIVE;
				GCC_WARN_UNUSED_FUNCTION = YES;
				GCC_WARN_UNUSED_VARIABLE = YES;
				IPHONEOS_DEPLOYMENT_TARGET = 14.4;
				MTL_ENABLE_DEBUG_INFO = INCLUDE_SOURCE;
				MTL_FAST_MATH = YES;
				ONLY_ACTIVE_ARCH = YES;
				SDKROOT = iphoneos;
				SWIFT_ACTIVE_COMPILATION_CONDITIONS = DEBUG;
				SWIFT_OPTIMIZATION_LEVEL = "-Onone";
			};
			name = Debug;
		};
		3B261188260AC178006A98D3 /* Release */ = {
			isa = XCBuildConfiguration;
			buildSettings = {
				ALWAYS_SEARCH_USER_PATHS = NO;
				CLANG_ANALYZER_NONNULL = YES;
				CLANG_ANALYZER_NUMBER_OBJECT_CONVERSION = YES_AGGRESSIVE;
				CLANG_CXX_LANGUAGE_STANDARD = "gnu++14";
				CLANG_CXX_LIBRARY = "libc++";
				CLANG_ENABLE_MODULES = YES;
				CLANG_ENABLE_OBJC_ARC = YES;
				CLANG_ENABLE_OBJC_WEAK = YES;
				CLANG_WARN_BLOCK_CAPTURE_AUTORELEASING = YES;
				CLANG_WARN_BOOL_CONVERSION = YES;
				CLANG_WARN_COMMA = YES;
				CLANG_WARN_CONSTANT_CONVERSION = YES;
				CLANG_WARN_DEPRECATED_OBJC_IMPLEMENTATIONS = YES;
				CLANG_WARN_DIRECT_OBJC_ISA_USAGE = YES_ERROR;
				CLANG_WARN_DOCUMENTATION_COMMENTS = YES;
				CLANG_WARN_EMPTY_BODY = YES;
				CLANG_WARN_ENUM_CONVERSION = YES;
				CLANG_WARN_INFINITE_RECURSION = YES;
				CLANG_WARN_INT_CONVERSION = YES;
				CLANG_WARN_NON_LITERAL_NULL_CONVERSION = YES;
				CLANG_WARN_OBJC_IMPLICIT_RETAIN_SELF = YES;
				CLANG_WARN_OBJC_LITERAL_CONVERSION = YES;
				CLANG_WARN_OBJC_ROOT_CLASS = YES_ERROR;
				CLANG_WARN_QUOTED_INCLUDE_IN_FRAMEWORK_HEADER = YES;
				CLANG_WARN_RANGE_LOOP_ANALYSIS = YES;
				CLANG_WARN_STRICT_PROTOTYPES = YES;
				CLANG_WARN_SUSPICIOUS_MOVE = YES;
				CLANG_WARN_UNGUARDED_AVAILABILITY = YES_AGGRESSIVE;
				CLANG_WARN_UNREACHABLE_CODE = YES;
				CLANG_WARN__DUPLICATE_METHOD_MATCH = YES;
				COPY_PHASE_STRIP = NO;
				DEBUG_INFORMATION_FORMAT = "dwarf-with-dsym";
				ENABLE_NS_ASSERTIONS = NO;
				ENABLE_STRICT_OBJC_MSGSEND = YES;
				GCC_C_LANGUAGE_STANDARD = gnu11;
				GCC_NO_COMMON_BLOCKS = YES;
				GCC_WARN_64_TO_32_BIT_CONVERSION = YES;
				GCC_WARN_ABOUT_RETURN_TYPE = YES_ERROR;
				GCC_WARN_UNDECLARED_SELECTOR = YES;
				GCC_WARN_UNINITIALIZED_AUTOS = YES_AGGRESSIVE;
				GCC_WARN_UNUSED_FUNCTION = YES;
				GCC_WARN_UNUSED_VARIABLE = YES;
				IPHONEOS_DEPLOYMENT_TARGET = 14.4;
				MTL_ENABLE_DEBUG_INFO = NO;
				MTL_FAST_MATH = YES;
				SDKROOT = iphoneos;
				SWIFT_COMPILATION_MODE = wholemodule;
				SWIFT_OPTIMIZATION_LEVEL = "-O";
				VALIDATE_PRODUCT = YES;
			};
			name = Release;
		};
		3B26118A260AC178006A98D3 /* Debug */ = {
			isa = XCBuildConfiguration;
			baseConfigurationReference = D7119EE1B1ABFC76C719FF39 /* Pods-MyDietDiaryApp.debug.xcconfig */;
			buildSettings = {
				ASSETCATALOG_COMPILER_APPICON_NAME = AppIcon;
				ASSETCATALOG_COMPILER_GLOBAL_ACCENT_COLOR_NAME = AccentColor;
				CODE_SIGN_STYLE = Automatic;
				DEVELOPMENT_TEAM = 8JEHPP3L74;
				INFOPLIST_FILE = MyDietDiaryApp/Info.plist;
				LD_RUNPATH_SEARCH_PATHS = (
					"$(inherited)",
					"@executable_path/Frameworks",
				);
				PRODUCT_BUNDLE_IDENTIFIER = "com.ios-academia.MyDietDiaryApp";
				PRODUCT_NAME = "$(TARGET_NAME)";
				SWIFT_VERSION = 5.0;
				TARGETED_DEVICE_FAMILY = "1,2";
			};
			name = Debug;
		};
		3B26118B260AC178006A98D3 /* Release */ = {
			isa = XCBuildConfiguration;
			baseConfigurationReference = 36E50D8EEEECCEB84132F9D2 /* Pods-MyDietDiaryApp.release.xcconfig */;
			buildSettings = {
				ASSETCATALOG_COMPILER_APPICON_NAME = AppIcon;
				ASSETCATALOG_COMPILER_GLOBAL_ACCENT_COLOR_NAME = AccentColor;
				CODE_SIGN_STYLE = Automatic;
				DEVELOPMENT_TEAM = 8JEHPP3L74;
				INFOPLIST_FILE = MyDietDiaryApp/Info.plist;
				LD_RUNPATH_SEARCH_PATHS = (
					"$(inherited)",
					"@executable_path/Frameworks",
				);
				PRODUCT_BUNDLE_IDENTIFIER = "com.ios-academia.MyDietDiaryApp";
				PRODUCT_NAME = "$(TARGET_NAME)";
				SWIFT_VERSION = 5.0;
				TARGETED_DEVICE_FAMILY = "1,2";
			};
			name = Release;
		};
		3B26118D260AC178006A98D3 /* Debug */ = {
			isa = XCBuildConfiguration;
			baseConfigurationReference = C34845BB34807D46D6E09448 /* Pods-MyDietDiaryAppTests.debug.xcconfig */;
			buildSettings = {
				ALWAYS_EMBED_SWIFT_STANDARD_LIBRARIES = YES;
				BUNDLE_LOADER = "$(TEST_HOST)";
				CODE_SIGN_STYLE = Automatic;
				DEVELOPMENT_TEAM = 8JEHPP3L74;
				INFOPLIST_FILE = MyDietDiaryAppTests/Info.plist;
				IPHONEOS_DEPLOYMENT_TARGET = 14.4;
				LD_RUNPATH_SEARCH_PATHS = (
					"$(inherited)",
					"@executable_path/Frameworks",
					"@loader_path/Frameworks",
				);
				PRODUCT_BUNDLE_IDENTIFIER = "com.ios-academia.MyDietDiaryAppTests";
				PRODUCT_NAME = "$(TARGET_NAME)";
				SWIFT_VERSION = 5.0;
				TARGETED_DEVICE_FAMILY = "1,2";
				TEST_HOST = "$(BUILT_PRODUCTS_DIR)/MyDietDiaryApp.app/MyDietDiaryApp";
			};
			name = Debug;
		};
		3B26118E260AC178006A98D3 /* Release */ = {
			isa = XCBuildConfiguration;
			baseConfigurationReference = 51094A27440709632D8BEBD5 /* Pods-MyDietDiaryAppTests.release.xcconfig */;
			buildSettings = {
				ALWAYS_EMBED_SWIFT_STANDARD_LIBRARIES = YES;
				BUNDLE_LOADER = "$(TEST_HOST)";
				CODE_SIGN_STYLE = Automatic;
				DEVELOPMENT_TEAM = 8JEHPP3L74;
				INFOPLIST_FILE = MyDietDiaryAppTests/Info.plist;
				IPHONEOS_DEPLOYMENT_TARGET = 14.4;
				LD_RUNPATH_SEARCH_PATHS = (
					"$(inherited)",
					"@executable_path/Frameworks",
					"@loader_path/Frameworks",
				);
				PRODUCT_BUNDLE_IDENTIFIER = "com.ios-academia.MyDietDiaryAppTests";
				PRODUCT_NAME = "$(TARGET_NAME)";
				SWIFT_VERSION = 5.0;
				TARGETED_DEVICE_FAMILY = "1,2";
				TEST_HOST = "$(BUILT_PRODUCTS_DIR)/MyDietDiaryApp.app/MyDietDiaryApp";
			};
			name = Release;
		};
		3B261190260AC178006A98D3 /* Debug */ = {
			isa = XCBuildConfiguration;
			baseConfigurationReference = 2AFCCF6307BF97816A4EA3E8 /* Pods-MyDietDiaryApp-MyDietDiaryAppUITests.debug.xcconfig */;
			buildSettings = {
				ALWAYS_EMBED_SWIFT_STANDARD_LIBRARIES = YES;
				CODE_SIGN_STYLE = Automatic;
				DEVELOPMENT_TEAM = 8JEHPP3L74;
				INFOPLIST_FILE = MyDietDiaryAppUITests/Info.plist;
				LD_RUNPATH_SEARCH_PATHS = (
					"$(inherited)",
					"@executable_path/Frameworks",
					"@loader_path/Frameworks",
				);
				PRODUCT_BUNDLE_IDENTIFIER = "com.ios-academia.MyDietDiaryAppUITests";
				PRODUCT_NAME = "$(TARGET_NAME)";
				SWIFT_VERSION = 5.0;
				TARGETED_DEVICE_FAMILY = "1,2";
				TEST_TARGET_NAME = MyDietDiaryApp;
			};
			name = Debug;
		};
		3B261191260AC178006A98D3 /* Release */ = {
			isa = XCBuildConfiguration;
			baseConfigurationReference = F80CD8A9D4D470CB723964E4 /* Pods-MyDietDiaryApp-MyDietDiaryAppUITests.release.xcconfig */;
			buildSettings = {
				ALWAYS_EMBED_SWIFT_STANDARD_LIBRARIES = YES;
				CODE_SIGN_STYLE = Automatic;
				DEVELOPMENT_TEAM = 8JEHPP3L74;
				INFOPLIST_FILE = MyDietDiaryAppUITests/Info.plist;
				LD_RUNPATH_SEARCH_PATHS = (
					"$(inherited)",
					"@executable_path/Frameworks",
					"@loader_path/Frameworks",
				);
				PRODUCT_BUNDLE_IDENTIFIER = "com.ios-academia.MyDietDiaryAppUITests";
				PRODUCT_NAME = "$(TARGET_NAME)";
				SWIFT_VERSION = 5.0;
				TARGETED_DEVICE_FAMILY = "1,2";
				TEST_TARGET_NAME = MyDietDiaryApp;
			};
			name = Release;
		};
/* End XCBuildConfiguration section */

/* Begin XCConfigurationList section */
		3B26115A260AC178006A98D3 /* Build configuration list for PBXProject "MyDietDiaryApp" */ = {
			isa = XCConfigurationList;
			buildConfigurations = (
				3B261187260AC178006A98D3 /* Debug */,
				3B261188260AC178006A98D3 /* Release */,
			);
			defaultConfigurationIsVisible = 0;
			defaultConfigurationName = Release;
		};
		3B261189260AC178006A98D3 /* Build configuration list for PBXNativeTarget "MyDietDiaryApp" */ = {
			isa = XCConfigurationList;
			buildConfigurations = (
				3B26118A260AC178006A98D3 /* Debug */,
				3B26118B260AC178006A98D3 /* Release */,
			);
			defaultConfigurationIsVisible = 0;
			defaultConfigurationName = Release;
		};
		3B26118C260AC178006A98D3 /* Build configuration list for PBXNativeTarget "MyDietDiaryAppTests" */ = {
			isa = XCConfigurationList;
			buildConfigurations = (
				3B26118D260AC178006A98D3 /* Debug */,
				3B26118E260AC178006A98D3 /* Release */,
			);
			defaultConfigurationIsVisible = 0;
			defaultConfigurationName = Release;
		};
		3B26118F260AC178006A98D3 /* Build configuration list for PBXNativeTarget "MyDietDiaryAppUITests" */ = {
			isa = XCConfigurationList;
			buildConfigurations = (
				3B261190260AC178006A98D3 /* Debug */,
				3B261191260AC178006A98D3 /* Release */,
			);
			defaultConfigurationIsVisible = 0;
			defaultConfigurationName = Release;
		};
/* End XCConfigurationList section */
	};
	rootObject = 3B261157260AC178006A98D3 /* Project object */;
}
